
Microsoft Visual Studio Solution File, Format Version 12.00
# Visual Studio Version 17
VisualStudioVersion = 17.9.34728.123
MinimumVisualStudioVersion = 10.0.40219.1
Project("{9A19103F-16F7-4668-BE54-9A1E7A4F7556}") = "VacationApplication.Portal", "VacationApplication.DAL\VacationApplication.Portal.csproj", "{FCDA2DD6-E556-4821-BFDE-A572A991BD0A}"
EndProject
Global
	GlobalSection(SolutionConfigurationPlatforms) = preSolution
		Debug|Any CPU = Debug|Any CPU
		Release|Any CPU = Release|Any CPU
	EndGlobalSection
	GlobalSection(ProjectConfigurationPlatforms) = postSolution
		{FCDA2DD6-E556-4821-BFDE-A572A991BD0A}.Debug|Any CPU.ActiveCfg = Debug|Any CPU
		{FCDA2DD6-E556-4821-BFDE-A572A991BD0A}.Debug|Any CPU.Build.0 = Debug|Any CPU
		{FCDA2DD6-E556-4821-BFDE-A572A991BD0A}.Release|Any CPU.ActiveCfg = Release|Any CPU
		{FCDA2DD6-E556-4821-BFDE-A572A991BD0A}.Release|Any CPU.Build.0 = Release|Any CPU
	EndGlobalSection
	GlobalSection(SolutionProperties) = preSolution
		HideSolutionNode = FALSE
	EndGlobalSection
EndGlobal
